
Microsoft Visual Studio Solution File, Format Version 12.00
# Visual Studio Version 17
VisualStudioVersion = 17.0.31903.59
MinimumVisualStudioVersion = 10.0.40219.1
Project("{FAE04EC0-301F-11D3-BF4B-00C04F79EFBC}") = "ThiagoSchwantesDeMoura", "ThiagoSchwantesDeMoura\ThiagoSchwantesDeMoura.csproj", "{886187FA-B383-480B-82BA-E8309642FA4C}"
EndProject
Global
	GlobalSection(SolutionConfigurationPlatforms) = preSolution
		Debug|Any CPU = Debug|Any CPU
		Release|Any CPU = Release|Any CPU
	EndGlobalSection
	GlobalSection(SolutionProperties) = preSolution
		HideSolutionNode = FALSE
	EndGlobalSection
	GlobalSection(ProjectConfigurationPlatforms) = postSolution
		{886187FA-B383-480B-82BA-E8309642FA4C}.Debug|Any CPU.ActiveCfg = Debug|Any CPU
		{886187FA-B383-480B-82BA-E8309642FA4C}.Debug|Any CPU.Build.0 = Debug|Any CPU
		{886187FA-B383-480B-82BA-E8309642FA4C}.Release|Any CPU.ActiveCfg = Release|Any CPU
		{886187FA-B383-480B-82BA-E8309642FA4C}.Release|Any CPU.Build.0 = Release|Any CPU
	EndGlobalSection
EndGlobal
